
Microsoft Visual Studio Solution File, Format Version 12.00
# Visual Studio Version 16
VisualStudioVersion = 16.0.29215.179
MinimumVisualStudioVersion = 10.0.40219.1
Project("{8BC9CEB8-8B4A-11D0-8D11-00A0C91BC942}") = "neat", "neat\neat.vcxproj", "{3F4F3176-0408-406B-A636-53249898E2DA}"
EndProject
Project("{8BC9CEB8-8B4A-11D0-8D11-00A0C91BC942}") = "neat Test", "neat Test\neat Test.vcxproj", "{6DD8E25A-4028-43C6-9010-645041FE5741}"
	ProjectSection(ProjectDependencies) = postProject
		{3F4F3176-0408-406B-A636-53249898E2DA} = {3F4F3176-0408-406B-A636-53249898E2DA}
	EndProjectSection
EndProject
Project("{8BC9CEB8-8B4A-11D0-8D11-00A0C91BC942}") = "Demo", "Demo\Demo.vcxproj", "{B59DDFD0-DCAA-4671-981D-E4D8C212BAB7}"
	ProjectSection(ProjectDependencies) = postProject
		{3F4F3176-0408-406B-A636-53249898E2DA} = {3F4F3176-0408-406B-A636-53249898E2DA}
		{9CE084CF-A684-48C5-8CD9-72AF569E6E9E} = {9CE084CF-A684-48C5-8CD9-72AF569E6E9E}
	EndProjectSection
EndProject
Project("{8BC9CEB8-8B4A-11D0-8D11-00A0C91BC942}") = "Glue", "Glue\Glue.vcxproj", "{437C2118-CB58-45A4-8C21-5343E6D07259}"
EndProject
Project("{2150E333-8FDC-42A3-9474-1A3956D46DE8}") = "libneat", "libneat", "{57ECC580-1F21-4C44-B790-406C06FB1FD6}"
EndProject
Project("{2150E333-8FDC-42A3-9474-1A3956D46DE8}") = "engine", "engine", "{4E0F53A0-A33A-44E4-A9A2-179F0F41FA29}"
EndProject
Project("{2150E333-8FDC-42A3-9474-1A3956D46DE8}") = "Reflex", "Reflex", "{43655C81-5622-4AF9-99C7-ED476B87E844}"
EndProject
Project("{8BC9CEB8-8B4A-11D0-8D11-00A0C91BC942}") = "RFVK", "RFVK\RFVK.vcxproj", "{9CE084CF-A684-48C5-8CD9-72AF569E6E9E}"
EndProject
Project("{8BC9CEB8-8B4A-11D0-8D11-00A0C91BC942}") = "Reflex", "Reflex\Reflex.vcxproj", "{3EC588AE-AF95-423E-AA2C-43DC7D46A51B}"
EndProject
Project("{8BC9CEB8-8B4A-11D0-8D11-00A0C91BC942}") = "RFVKDeferredRayTracing", "RFVKDeferredRayTracing\RFVKDeferredRayTracing.vcxproj", "{3DD720DE-3CA6-4B06-A45A-56798776EA4D}"
EndProject
Global
	GlobalSection(SolutionConfigurationPlatforms) = preSolution
		Debug|x64 = Debug|x64
		Release|x64 = Release|x64
	EndGlobalSection
	GlobalSection(ProjectConfigurationPlatforms) = postSolution
		{3F4F3176-0408-406B-A636-53249898E2DA}.Debug|x64.ActiveCfg = Debug|x64
		{3F4F3176-0408-406B-A636-53249898E2DA}.Debug|x64.Build.0 = Debug|x64
		{3F4F3176-0408-406B-A636-53249898E2DA}.Release|x64.ActiveCfg = Release|x64
		{3F4F3176-0408-406B-A636-53249898E2DA}.Release|x64.Build.0 = Release|x64
		{6DD8E25A-4028-43C6-9010-645041FE5741}.Debug|x64.ActiveCfg = Debug|x64
		{6DD8E25A-4028-43C6-9010-645041FE5741}.Debug|x64.Build.0 = Debug|x64
		{6DD8E25A-4028-43C6-9010-645041FE5741}.Release|x64.ActiveCfg = Release|x64
		{6DD8E25A-4028-43C6-9010-645041FE5741}.Release|x64.Build.0 = Release|x64
		{B59DDFD0-DCAA-4671-981D-E4D8C212BAB7}.Debug|x64.ActiveCfg = Debug|x64
		{B59DDFD0-DCAA-4671-981D-E4D8C212BAB7}.Debug|x64.Build.0 = Debug|x64
		{B59DDFD0-DCAA-4671-981D-E4D8C212BAB7}.Release|x64.ActiveCfg = Release|x64
		{B59DDFD0-DCAA-4671-981D-E4D8C212BAB7}.Release|x64.Build.0 = Release|x64
		{437C2118-CB58-45A4-8C21-5343E6D07259}.Debug|x64.ActiveCfg = Debug|x64
		{437C2118-CB58-45A4-8C21-5343E6D07259}.Debug|x64.Build.0 = Debug|x64
		{437C2118-CB58-45A4-8C21-5343E6D07259}.Release|x64.ActiveCfg = Release|x64
		{437C2118-CB58-45A4-8C21-5343E6D07259}.Release|x64.Build.0 = Release|x64
		{9CE084CF-A684-48C5-8CD9-72AF569E6E9E}.Debug|x64.ActiveCfg = Debug|x64
		{9CE084CF-A684-48C5-8CD9-72AF569E6E9E}.Debug|x64.Build.0 = Debug|x64
		{9CE084CF-A684-48C5-8CD9-72AF569E6E9E}.Release|x64.ActiveCfg = Release|x64
		{9CE084CF-A684-48C5-8CD9-72AF569E6E9E}.Release|x64.Build.0 = Release|x64
		{3EC588AE-AF95-423E-AA2C-43DC7D46A51B}.Debug|x64.ActiveCfg = Debug|x64
		{3EC588AE-AF95-423E-AA2C-43DC7D46A51B}.Debug|x64.Build.0 = Debug|x64
		{3EC588AE-AF95-423E-AA2C-43DC7D46A51B}.Release|x64.ActiveCfg = Release|x64
		{3EC588AE-AF95-423E-AA2C-43DC7D46A51B}.Release|x64.Build.0 = Release|x64
		{3DD720DE-3CA6-4B06-A45A-56798776EA4D}.Debug|x64.ActiveCfg = Debug|x64
		{3DD720DE-3CA6-4B06-A45A-56798776EA4D}.Debug|x64.Build.0 = Debug|x64
		{3DD720DE-3CA6-4B06-A45A-56798776EA4D}.Release|x64.ActiveCfg = Release|x64
		{3DD720DE-3CA6-4B06-A45A-56798776EA4D}.Release|x64.Build.0 = Release|x64
	EndGlobalSection
	GlobalSection(SolutionProperties) = preSolution
		HideSolutionNode = FALSE
	EndGlobalSection
	GlobalSection(NestedProjects) = preSolution
		{3F4F3176-0408-406B-A636-53249898E2DA} = {57ECC580-1F21-4C44-B790-406C06FB1FD6}
		{6DD8E25A-4028-43C6-9010-645041FE5741} = {57ECC580-1F21-4C44-B790-406C06FB1FD6}
		{437C2118-CB58-45A4-8C21-5343E6D07259} = {4E0F53A0-A33A-44E4-A9A2-179F0F41FA29}
		{43655C81-5622-4AF9-99C7-ED476B87E844} = {4E0F53A0-A33A-44E4-A9A2-179F0F41FA29}
		{9CE084CF-A684-48C5-8CD9-72AF569E6E9E} = {43655C81-5622-4AF9-99C7-ED476B87E844}
		{3EC588AE-AF95-423E-AA2C-43DC7D46A51B} = {43655C81-5622-4AF9-99C7-ED476B87E844}
		{3DD720DE-3CA6-4B06-A45A-56798776EA4D} = {43655C81-5622-4AF9-99C7-ED476B87E844}
	EndGlobalSection
	GlobalSection(ExtensibilityGlobals) = postSolution
		SolutionGuid = {9A550033-0111-483D-94F7-4E175A49D457}
	EndGlobalSection
EndGlobal
